
Microsoft Visual Studio Solution File, Format Version 12.00
# Visual Studio 2012
Project("{8BC9CEB8-8B4A-11D0-8D11-00A0C91BC942}") = "SandBox", "SandBox.vcxproj", "{2B4BCD40-1A48-4FA1-83C7-35B46D4A1DDE}"
EndProject
Global
	GlobalSection(SolutionConfigurationPlatforms) = preSolution
		Debug|Win32 = Debug|Win32
		Release|Win32 = Release|Win32
	EndGlobalSection
	GlobalSection(ProjectConfigurationPlatforms) = postSolution
		{2B4BCD40-1A48-4FA1-83C7-35B46D4A1DDE}.Debug|Win32.ActiveCfg = Debug|Win32
		{2B4BCD40-1A48-4FA1-83C7-35B46D4A1DDE}.Debug|Win32.Build.0 = Debug|Win32
		{2B4BCD40-1A48-4FA1-83C7-35B46D4A1DDE}.Release|Win32.ActiveCfg = Release|Win32
		{2B4BCD40-1A48-4FA1-83C7-35B46D4A1DDE}.Release|Win32.Build.0 = Release|Win32
	EndGlobalSection
	GlobalSection(SolutionProperties) = preSolution
		HideSolutionNode = FALSE
	EndGlobalSection
EndGlobal
